
Microsoft Visual Studio Solution File, Format Version 12.00
# Visual Studio Version 17
VisualStudioVersion = 17.13.35931.197 d17.13
MinimumVisualStudioVersion = 10.0.40219.1
Project("{2150E333-8FDC-42A3-9474-1A3956D46DE8}") = "Core", "Core", "{02EA681E-C7D8-13C7-8484-4AC65E1B71E8}"
EndProject
Project("{FAE04EC0-301F-11D3-BF4B-00C04F79EFBC}") = "AcunMedyaCarBook.Domain", "Core\AcunMedyaCarBook.Domain\AcunMedyaCarBook.Domain.csproj", "{1AF9E126-BC4F-4A21-8309-B4C5B96388AB}"
EndProject
Global
	GlobalSection(SolutionConfigurationPlatforms) = preSolution
		Debug|Any CPU = Debug|Any CPU
		Release|Any CPU = Release|Any CPU
	EndGlobalSection
	GlobalSection(ProjectConfigurationPlatforms) = postSolution
		{1AF9E126-BC4F-4A21-8309-B4C5B96388AB}.Debug|Any CPU.ActiveCfg = Debug|Any CPU
		{1AF9E126-BC4F-4A21-8309-B4C5B96388AB}.Debug|Any CPU.Build.0 = Debug|Any CPU
		{1AF9E126-BC4F-4A21-8309-B4C5B96388AB}.Release|Any CPU.ActiveCfg = Release|Any CPU
		{1AF9E126-BC4F-4A21-8309-B4C5B96388AB}.Release|Any CPU.Build.0 = Release|Any CPU
	EndGlobalSection
	GlobalSection(SolutionProperties) = preSolution
		HideSolutionNode = FALSE
	EndGlobalSection
	GlobalSection(NestedProjects) = preSolution
		{1AF9E126-BC4F-4A21-8309-B4C5B96388AB} = {02EA681E-C7D8-13C7-8484-4AC65E1B71E8}
	EndGlobalSection
	GlobalSection(ExtensibilityGlobals) = postSolution
		SolutionGuid = {1F796875-2509-4062-A111-A99D8D268B16}
	EndGlobalSection
EndGlobal
