
Microsoft Visual Studio Solution File, Format Version 12.00
# Visual Studio Version 17
VisualStudioVersion = 17.13.35931.197
MinimumVisualStudioVersion = 10.0.40219.1
Project("{2150E333-8FDC-42A3-9474-1A3956D46DE8}") = "Core", "Core", "{02EA681E-C7D8-13C7-8484-4AC65E1B71E8}"
EndProject
Project("{FAE04EC0-301F-11D3-BF4B-00C04F79EFBC}") = "AcunMedyaCarBook.Domain", "Core\AcunMedyaCarBook.Domain\AcunMedyaCarBook.Domain.csproj", "{1AF9E126-BC4F-4A21-8309-B4C5B96388AB}"
EndProject
Project("{2150E333-8FDC-42A3-9474-1A3956D46DE8}") = "Infrastructure", "Infrastructure", "{DEEE4F85-EF9D-416A-A9AF-1BB9F71BBE71}"
EndProject
Project("{FAE04EC0-301F-11D3-BF4B-00C04F79EFBC}") = "AcunMedyaCarBook.Persistence", "Infrastructure\AcunMedyaCarBook.Persistence\AcunMedyaCarBook.Persistence.csproj", "{5B23B83A-9421-4250-931A-E273FC3372B2}"
EndProject
Project("{2150E333-8FDC-42A3-9474-1A3956D46DE8}") = "Presentation", "Presentation", "{3C5D1AF8-8AF1-416A-A22A-9A91C7D65E67}"
EndProject
Project("{FAE04EC0-301F-11D3-BF4B-00C04F79EFBC}") = "AcunMedyaCarBook.WebApi", "Presentation\AcunMedyaCarBook.WebApi\AcunMedyaCarBook.WebApi.csproj", "{985FEE7D-8EB1-49F4-A106-B0DECF643267}"
EndProject
Project("{FAE04EC0-301F-11D3-BF4B-00C04F79EFBC}") = "AcunMedyaCarBook.Application", "Core\AcunMedyaCarBook.Application\AcunMedyaCarBook.Application.csproj", "{5430372C-4C6E-4641-9EFF-A2EDEC7ED398}"
EndProject
Project("{2150E333-8FDC-42A3-9474-1A3956D46DE8}") = "Frontends", "Frontends", "{8026EDBD-78EB-4DC5-A6F4-C991ADC2DD93}"
EndProject
Project("{FAE04EC0-301F-11D3-BF4B-00C04F79EFBC}") = "AcunMedyaCarBook.WebUI", "Frontends\AcunMedyaCarBook.WebUI\AcunMedyaCarBook.WebUI.csproj", "{6400B730-4FDD-44D2-8E87-AE4F05526DC0}"
EndProject
Project("{FAE04EC0-301F-11D3-BF4B-00C04F79EFBC}") = "AcunMedyaCarBook.Dto", "Frontends\AcunMedyaCarBook.Dto\AcunMedyaCarBook.Dto.csproj", "{79F4B655-0F55-44CC-8CCC-C8A7BB4B1D2A}"
EndProject
Global
	GlobalSection(SolutionConfigurationPlatforms) = preSolution
		Debug|Any CPU = Debug|Any CPU
		Release|Any CPU = Release|Any CPU
	EndGlobalSection
	GlobalSection(ProjectConfigurationPlatforms) = postSolution
		{1AF9E126-BC4F-4A21-8309-B4C5B96388AB}.Debug|Any CPU.ActiveCfg = Debug|Any CPU
		{1AF9E126-BC4F-4A21-8309-B4C5B96388AB}.Debug|Any CPU.Build.0 = Debug|Any CPU
		{1AF9E126-BC4F-4A21-8309-B4C5B96388AB}.Release|Any CPU.ActiveCfg = Release|Any CPU
		{1AF9E126-BC4F-4A21-8309-B4C5B96388AB}.Release|Any CPU.Build.0 = Release|Any CPU
		{5B23B83A-9421-4250-931A-E273FC3372B2}.Debug|Any CPU.ActiveCfg = Debug|Any CPU
		{5B23B83A-9421-4250-931A-E273FC3372B2}.Debug|Any CPU.Build.0 = Debug|Any CPU
		{5B23B83A-9421-4250-931A-E273FC3372B2}.Release|Any CPU.ActiveCfg = Release|Any CPU
		{5B23B83A-9421-4250-931A-E273FC3372B2}.Release|Any CPU.Build.0 = Release|Any CPU
		{985FEE7D-8EB1-49F4-A106-B0DECF643267}.Debug|Any CPU.ActiveCfg = Debug|Any CPU
		{985FEE7D-8EB1-49F4-A106-B0DECF643267}.Debug|Any CPU.Build.0 = Debug|Any CPU
		{985FEE7D-8EB1-49F4-A106-B0DECF643267}.Release|Any CPU.ActiveCfg = Release|Any CPU
		{985FEE7D-8EB1-49F4-A106-B0DECF643267}.Release|Any CPU.Build.0 = Release|Any CPU
		{5430372C-4C6E-4641-9EFF-A2EDEC7ED398}.Debug|Any CPU.ActiveCfg = Debug|Any CPU
		{5430372C-4C6E-4641-9EFF-A2EDEC7ED398}.Debug|Any CPU.Build.0 = Debug|Any CPU
		{5430372C-4C6E-4641-9EFF-A2EDEC7ED398}.Release|Any CPU.ActiveCfg = Release|Any CPU
		{5430372C-4C6E-4641-9EFF-A2EDEC7ED398}.Release|Any CPU.Build.0 = Release|Any CPU
		{6400B730-4FDD-44D2-8E87-AE4F05526DC0}.Debug|Any CPU.ActiveCfg = Debug|Any CPU
		{6400B730-4FDD-44D2-8E87-AE4F05526DC0}.Debug|Any CPU.Build.0 = Debug|Any CPU
		{6400B730-4FDD-44D2-8E87-AE4F05526DC0}.Release|Any CPU.ActiveCfg = Release|Any CPU
		{6400B730-4FDD-44D2-8E87-AE4F05526DC0}.Release|Any CPU.Build.0 = Release|Any CPU
		{79F4B655-0F55-44CC-8CCC-C8A7BB4B1D2A}.Debug|Any CPU.ActiveCfg = Debug|Any CPU
		{79F4B655-0F55-44CC-8CCC-C8A7BB4B1D2A}.Debug|Any CPU.Build.0 = Debug|Any CPU
		{79F4B655-0F55-44CC-8CCC-C8A7BB4B1D2A}.Release|Any CPU.ActiveCfg = Release|Any CPU
		{79F4B655-0F55-44CC-8CCC-C8A7BB4B1D2A}.Release|Any CPU.Build.0 = Release|Any CPU
	EndGlobalSection
	GlobalSection(SolutionProperties) = preSolution
		HideSolutionNode = FALSE
	EndGlobalSection
	GlobalSection(NestedProjects) = preSolution
		{1AF9E126-BC4F-4A21-8309-B4C5B96388AB} = {02EA681E-C7D8-13C7-8484-4AC65E1B71E8}
		{5B23B83A-9421-4250-931A-E273FC3372B2} = {DEEE4F85-EF9D-416A-A9AF-1BB9F71BBE71}
		{985FEE7D-8EB1-49F4-A106-B0DECF643267} = {3C5D1AF8-8AF1-416A-A22A-9A91C7D65E67}
		{5430372C-4C6E-4641-9EFF-A2EDEC7ED398} = {02EA681E-C7D8-13C7-8484-4AC65E1B71E8}
		{6400B730-4FDD-44D2-8E87-AE4F05526DC0} = {8026EDBD-78EB-4DC5-A6F4-C991ADC2DD93}
		{79F4B655-0F55-44CC-8CCC-C8A7BB4B1D2A} = {8026EDBD-78EB-4DC5-A6F4-C991ADC2DD93}
	EndGlobalSection
	GlobalSection(ExtensibilityGlobals) = postSolution
		SolutionGuid = {1F796875-2509-4062-A111-A99D8D268B16}
	EndGlobalSection
EndGlobal
